
Microsoft Visual Studio Solution File, Format Version 12.00
# Visual Studio 15
Project("{FAE04EC0-301F-11D3-BF4B-00C04F79EFBC}") = "timedSyringeProject", "Assembly-CSharp.csproj", "{76C89E08-05DE-8C05-FE0D-3340FB3B674A}"
EndProject
Project("{FAE04EC0-301F-11D3-BF4B-00C04F79EFBC}") = "timedSyringeProject", "Assembly-CSharp-Editor.csproj", "{F4CB7F56-0E77-2EFB-FC9C-9A2AEB8BDB24}"
EndProject
Global
	GlobalSection(SolutionConfigurationPlatforms) = preSolution
		Debug|Any CPU = Debug|Any CPU
		Release|Any CPU = Release|Any CPU
	EndGlobalSection
	GlobalSection(ProjectConfigurationPlatforms) = postSolution
		{76C89E08-05DE-8C05-FE0D-3340FB3B674A}.Debug|Any CPU.ActiveCfg = Debug|Any CPU
		{76C89E08-05DE-8C05-FE0D-3340FB3B674A}.Debug|Any CPU.Build.0 = Debug|Any CPU
		{76C89E08-05DE-8C05-FE0D-3340FB3B674A}.Release|Any CPU.ActiveCfg = Release|Any CPU
		{76C89E08-05DE-8C05-FE0D-3340FB3B674A}.Release|Any CPU.Build.0 = Release|Any CPU
		{F4CB7F56-0E77-2EFB-FC9C-9A2AEB8BDB24}.Debug|Any CPU.ActiveCfg = Debug|Any CPU
		{F4CB7F56-0E77-2EFB-FC9C-9A2AEB8BDB24}.Debug|Any CPU.Build.0 = Debug|Any CPU
		{F4CB7F56-0E77-2EFB-FC9C-9A2AEB8BDB24}.Release|Any CPU.ActiveCfg = Release|Any CPU
		{F4CB7F56-0E77-2EFB-FC9C-9A2AEB8BDB24}.Release|Any CPU.Build.0 = Release|Any CPU
	EndGlobalSection
	GlobalSection(SolutionProperties) = preSolution
		HideSolutionNode = FALSE
	EndGlobalSection
EndGlobal
